
Microsoft Visual Studio Solution File, Format Version 12.00
# Visual Studio Version 16
VisualStudioVersion = 16.0.30621.155
MinimumVisualStudioVersion = 10.0.40219.1
Project("{FAE04EC0-301F-11D3-BF4B-00C04F79EFBC}") = "CellLifeApp 0.2", "CellLifeApp 0.2\CellLifeApp 0.2.csproj", "{A283CC66-8714-48FD-A2FD-B7E05B768ADC}"
EndProject
Project("{9A19103F-16F7-4668-BE54-9A1E7A4F7556}") = "CellLifeApp 0.3", "CellLifeApp 0.3\CellLifeApp 0.3.csproj", "{DB9EF4DD-ED26-4D30-8E77-23544FBBBE15}"
EndProject
Project("{FAE04EC0-301F-11D3-BF4B-00C04F79EFBC}") = "CellLifeApp 0.4", "CellLifeApp 0.4\CellLifeApp 0.4.csproj", "{F7B54C1E-9E2B-4BB9-94E6-3FCB014D319B}"
EndProject
Global
	GlobalSection(SolutionConfigurationPlatforms) = preSolution
		Debug|Any CPU = Debug|Any CPU
		Debug|x64 = Debug|x64
		Debug|x86 = Debug|x86
		Release|Any CPU = Release|Any CPU
		Release|x64 = Release|x64
		Release|x86 = Release|x86
	EndGlobalSection
	GlobalSection(ProjectConfigurationPlatforms) = postSolution
		{A283CC66-8714-48FD-A2FD-B7E05B768ADC}.Debug|Any CPU.ActiveCfg = Debug|Any CPU
		{A283CC66-8714-48FD-A2FD-B7E05B768ADC}.Debug|Any CPU.Build.0 = Debug|Any CPU
		{A283CC66-8714-48FD-A2FD-B7E05B768ADC}.Debug|x64.ActiveCfg = Debug|Any CPU
		{A283CC66-8714-48FD-A2FD-B7E05B768ADC}.Debug|x64.Build.0 = Debug|Any CPU
		{A283CC66-8714-48FD-A2FD-B7E05B768ADC}.Debug|x86.ActiveCfg = Debug|Any CPU
		{A283CC66-8714-48FD-A2FD-B7E05B768ADC}.Debug|x86.Build.0 = Debug|Any CPU
		{A283CC66-8714-48FD-A2FD-B7E05B768ADC}.Release|Any CPU.ActiveCfg = Release|Any CPU
		{A283CC66-8714-48FD-A2FD-B7E05B768ADC}.Release|Any CPU.Build.0 = Release|Any CPU
		{A283CC66-8714-48FD-A2FD-B7E05B768ADC}.Release|x64.ActiveCfg = Release|Any CPU
		{A283CC66-8714-48FD-A2FD-B7E05B768ADC}.Release|x64.Build.0 = Release|Any CPU
		{A283CC66-8714-48FD-A2FD-B7E05B768ADC}.Release|x86.ActiveCfg = Release|Any CPU
		{A283CC66-8714-48FD-A2FD-B7E05B768ADC}.Release|x86.Build.0 = Release|Any CPU
		{DB9EF4DD-ED26-4D30-8E77-23544FBBBE15}.Debug|Any CPU.ActiveCfg = Debug|Any CPU
		{DB9EF4DD-ED26-4D30-8E77-23544FBBBE15}.Debug|Any CPU.Build.0 = Debug|Any CPU
		{DB9EF4DD-ED26-4D30-8E77-23544FBBBE15}.Debug|x64.ActiveCfg = Debug|Any CPU
		{DB9EF4DD-ED26-4D30-8E77-23544FBBBE15}.Debug|x64.Build.0 = Debug|Any CPU
		{DB9EF4DD-ED26-4D30-8E77-23544FBBBE15}.Debug|x86.ActiveCfg = Debug|Any CPU
		{DB9EF4DD-ED26-4D30-8E77-23544FBBBE15}.Debug|x86.Build.0 = Debug|Any CPU
		{DB9EF4DD-ED26-4D30-8E77-23544FBBBE15}.Release|Any CPU.ActiveCfg = Release|Any CPU
		{DB9EF4DD-ED26-4D30-8E77-23544FBBBE15}.Release|Any CPU.Build.0 = Release|Any CPU
		{DB9EF4DD-ED26-4D30-8E77-23544FBBBE15}.Release|x64.ActiveCfg = Release|Any CPU
		{DB9EF4DD-ED26-4D30-8E77-23544FBBBE15}.Release|x64.Build.0 = Release|Any CPU
		{DB9EF4DD-ED26-4D30-8E77-23544FBBBE15}.Release|x86.ActiveCfg = Release|Any CPU
		{DB9EF4DD-ED26-4D30-8E77-23544FBBBE15}.Release|x86.Build.0 = Release|Any CPU
		{F7B54C1E-9E2B-4BB9-94E6-3FCB014D319B}.Debug|Any CPU.ActiveCfg = Debug|Any CPU
		{F7B54C1E-9E2B-4BB9-94E6-3FCB014D319B}.Debug|Any CPU.Build.0 = Debug|Any CPU
		{F7B54C1E-9E2B-4BB9-94E6-3FCB014D319B}.Debug|x64.ActiveCfg = Debug|Any CPU
		{F7B54C1E-9E2B-4BB9-94E6-3FCB014D319B}.Debug|x64.Build.0 = Debug|Any CPU
		{F7B54C1E-9E2B-4BB9-94E6-3FCB014D319B}.Debug|x86.ActiveCfg = Debug|Any CPU
		{F7B54C1E-9E2B-4BB9-94E6-3FCB014D319B}.Debug|x86.Build.0 = Debug|Any CPU
		{F7B54C1E-9E2B-4BB9-94E6-3FCB014D319B}.Release|Any CPU.ActiveCfg = Release|Any CPU
		{F7B54C1E-9E2B-4BB9-94E6-3FCB014D319B}.Release|Any CPU.Build.0 = Release|Any CPU
		{F7B54C1E-9E2B-4BB9-94E6-3FCB014D319B}.Release|x64.ActiveCfg = Release|Any CPU
		{F7B54C1E-9E2B-4BB9-94E6-3FCB014D319B}.Release|x64.Build.0 = Release|Any CPU
		{F7B54C1E-9E2B-4BB9-94E6-3FCB014D319B}.Release|x86.ActiveCfg = Release|Any CPU
		{F7B54C1E-9E2B-4BB9-94E6-3FCB014D319B}.Release|x86.Build.0 = Release|Any CPU
	EndGlobalSection
	GlobalSection(SolutionProperties) = preSolution
		HideSolutionNode = FALSE
	EndGlobalSection
	GlobalSection(ExtensibilityGlobals) = postSolution
		SolutionGuid = {C6E89B75-32D7-48C3-B390-21D8FE5D2AE5}
	EndGlobalSection
EndGlobal
